
Microsoft Visual Studio Solution File, Format Version 12.00
# Visual Studio Version 16
VisualStudioVersion = 16.0.31410.357
MinimumVisualStudioVersion = 10.0.40219.1
Project("{FAE04EC0-301F-11D3-BF4B-00C04F79EFBC}") = "MD_MODULOS", "MD_MODULOS.csproj", "{EDAC0309-92FE-4698-B41C-88513B12FE61}"
EndProject
Global
	GlobalSection(SolutionConfigurationPlatforms) = preSolution
		Debug|Any CPU = Debug|Any CPU
		Release|Any CPU = Release|Any CPU
	EndGlobalSection
	GlobalSection(ProjectConfigurationPlatforms) = postSolution
		{EDAC0309-92FE-4698-B41C-88513B12FE61}.Debug|Any CPU.ActiveCfg = Debug|Any CPU
		{EDAC0309-92FE-4698-B41C-88513B12FE61}.Debug|Any CPU.Build.0 = Debug|Any CPU
		{EDAC0309-92FE-4698-B41C-88513B12FE61}.Release|Any CPU.ActiveCfg = Release|Any CPU
		{EDAC0309-92FE-4698-B41C-88513B12FE61}.Release|Any CPU.Build.0 = Release|Any CPU
	EndGlobalSection
	GlobalSection(SolutionProperties) = preSolution
		HideSolutionNode = FALSE
	EndGlobalSection
	GlobalSection(ExtensibilityGlobals) = postSolution
		SolutionGuid = {F849AB1F-F847-409E-988F-1B4A5E11EE46}
	EndGlobalSection
EndGlobal
